{
  "name": "did-ni",
  "version": "0.1.0",
  "lockfileVersion": 3,
  "requires": true,
  "packages": {
    "": {
      "name": "did-ni",
      "version": "0.1.0",
      "dependencies": {
        "canonicalize-json": "^1.0.2",
        "json-canonicalize": "^1.0.6"
      }
    },
    "node_modules/canonicalize-json": {
      "version": "1.0.2",
      "resolved": "https://registry.npmjs.org/canonicalize-json/-/canonicalize-json-1.0.2.tgz",
      "integrity": "sha512-/kg3mKmNt3XO47Jp8HKMOoELNTFsNCfCiNLI2pV9R/R6NExkXftQ6UTJsnoJOTsPfSwATwxA+3xSP0uVPsGXCA==",
      "license": "MIT"
    },
    "node_modules/json-canonicalize": {
      "version": "1.0.6",
      "resolved": "https://registry.npmjs.org/json-canonicalize/-/json-canonicalize-1.0.6.tgz",
      "integrity": "sha512-kP2iYpOS5SZHYhIaR1t9oG80d4uTY3jPoaBj+nimy3njtJk8+sRsVatN8pyJRDRtk9Su3+6XqA2U8k0dByJBUQ==",
      "license": "MIT"
    }
  }
}
